// !$*UTF8*$!
{
	archiveVersion = 1;
	classes = {
	};
	objectVersion = 46;
	objects = {

/* Begin PBXBuildFile section */
		9A5E40DE1B891FFD00AFE761 /* UIFont.swift in Sources */ = {isa = PBXBuildFile; fileRef = 9A5E40DD1B891FFD00AFE761 /* UIFont.swift */; };
		9A60D8751B83F1DB00DB1A49 /* AppDelegate.swift in Sources */ = {isa = PBXBuildFile; fileRef = 9A60D8741B83F1DB00DB1A49 /* AppDelegate.swift */; };
		9A60D8771B83F1DB00DB1A49 /* CardsViewController.swift in Sources */ = {isa = PBXBuildFile; fileRef = 9A60D8761B83F1DB00DB1A49 /* CardsViewController.swift */; };
		9A60D87C1B83F1DB00DB1A49 /* Images.xcassets in Resources */ = {isa = PBXBuildFile; fileRef = 9A60D87B1B83F1DB00DB1A49 /* Images.xcassets */; };
		9A60D87F1B83F1DB00DB1A49 /* LaunchScreen.xib in Resources */ = {isa = PBXBuildFile; fileRef = 9A60D87D1B83F1DB00DB1A49 /* LaunchScreen.xib */; };
		9A94D1021B8960F300F586A5 /* Roboto-Medium.ttf in Resources */ = {isa = PBXBuildFile; fileRef = 9A94D1011B8960F300F586A5 /* Roboto-Medium.ttf */; };
		9A94D1041B89610600F586A5 /* Roboto-Light.ttf in Resources */ = {isa = PBXBuildFile; fileRef = 9A94D1031B89610600F586A5 /* Roboto-Light.ttf */; };
		9A94D1061B89611200F586A5 /* Roboto-Regular.ttf in Resources */ = {isa = PBXBuildFile; fileRef = 9A94D1051B89611200F586A5 /* Roboto-Regular.ttf */; };
		9ABB9DE31B8B994600EF0B1E /* MaterialKit.framework in Frameworks */ = {isa = PBXBuildFile; fileRef = 9ABB9DE21B8B994600EF0B1E /* MaterialKit.framework */; };
		9ABB9DE41B8B994600EF0B1E /* MaterialKit.framework in Embed Frameworks */ = {isa = PBXBuildFile; fileRef = 9ABB9DE21B8B994600EF0B1E /* MaterialKit.framework */; settings = {ATTRIBUTES = (CodeSignOnCopy, RemoveHeadersOnCopy, ); }; };
		9ABB9DE61B8B9CD400EF0B1E /* MenuController.swift in Sources */ = {isa = PBXBuildFile; fileRef = 9ABB9DE51B8B9CD400EF0B1E /* MenuController.swift */; };
		9AF51C4A1B85270200F416EA /* UIView.swift in Sources */ = {isa = PBXBuildFile; fileRef = 9AF51C491B85270200F416EA /* UIView.swift */; };
/* End PBXBuildFile section */

/* Begin PBXCopyFilesBuildPhase section */
		9AAC38511B8953AB00FE6B2D /* Embed Frameworks */ = {
			isa = PBXCopyFilesBuildPhase;
			buildActionMask = 2147483647;
			dstPath = "";
			dstSubfolderSpec = 10;
			files = (
				9ABB9DE41B8B994600EF0B1E /* MaterialKit.framework in Embed Frameworks */,
			);
			name = "Embed Frameworks";
			runOnlyForDeploymentPostprocessing = 0;
		};
/* End PBXCopyFilesBuildPhase section */

/* Begin PBXFileReference section */
		9A5E40DD1B891FFD00AFE761 /* UIFont.swift */ = {isa = PBXFileReference; fileEncoding = 4; lastKnownFileType = sourcecode.swift; path = UIFont.swift; sourceTree = "<group>"; };
		9A60D86F1B83F1DB00DB1A49 /* MaterialKitApp.app */ = {isa = PBXFileReference; explicitFileType = wrapper.application; includeInIndex = 0; path = MaterialKitApp.app; sourceTree = BUILT_PRODUCTS_DIR; };
		9A60D8731B83F1DB00DB1A49 /* Info.plist */ = {isa = PBXFileReference; lastKnownFileType = text.plist.xml; path = Info.plist; sourceTree = "<group>"; };
		9A60D8741B83F1DB00DB1A49 /* AppDelegate.swift */ = {isa = PBXFileReference; lastKnownFileType = sourcecode.swift; path = AppDelegate.swift; sourceTree = "<group>"; };
		9A60D8761B83F1DB00DB1A49 /* CardsViewController.swift */ = {isa = PBXFileReference; lastKnownFileType = sourcecode.swift; path = CardsViewController.swift; sourceTree = "<group>"; };
		9A60D87B1B83F1DB00DB1A49 /* Images.xcassets */ = {isa = PBXFileReference; lastKnownFileType = folder.assetcatalog; path = Images.xcassets; sourceTree = "<group>"; };
		9A60D87E1B83F1DB00DB1A49 /* Base */ = {isa = PBXFileReference; lastKnownFileType = file.xib; name = Base; path = Base.lproj/LaunchScreen.xib; sourceTree = "<group>"; };
		9A94D1011B8960F300F586A5 /* Roboto-Medium.ttf */ = {isa = PBXFileReference; lastKnownFileType = file; path = "Roboto-Medium.ttf"; sourceTree = "<group>"; };
		9A94D1031B89610600F586A5 /* Roboto-Light.ttf */ = {isa = PBXFileReference; lastKnownFileType = file; path = "Roboto-Light.ttf"; sourceTree = "<group>"; };
		9A94D1051B89611200F586A5 /* Roboto-Regular.ttf */ = {isa = PBXFileReference; lastKnownFileType = file; path = "Roboto-Regular.ttf"; sourceTree = "<group>"; };
		9ABB9DE21B8B994600EF0B1E /* MaterialKit.framework */ = {isa = PBXFileReference; explicitFileType = wrapper.framework; name = MaterialKit.framework; path = "/Users/adamdahan/Library/Developer/Xcode/DerivedData/MK-apowvmcawatuvtcksljcxkdiwpng/Build/Products/Debug-iphoneos/MaterialKit.framework"; sourceTree = "<absolute>"; };
		9ABB9DE51B8B9CD400EF0B1E /* MenuController.swift */ = {isa = PBXFileReference; fileEncoding = 4; lastKnownFileType = sourcecode.swift; path = MenuController.swift; sourceTree = "<group>"; };
		9AF51C491B85270200F416EA /* UIView.swift */ = {isa = PBXFileReference; fileEncoding = 4; lastKnownFileType = sourcecode.swift; path = UIView.swift; sourceTree = "<group>"; };
/* End PBXFileReference section */

/* Begin PBXFrameworksBuildPhase section */
		9A60D86C1B83F1DB00DB1A49 /* Frameworks */ = {
			isa = PBXFrameworksBuildPhase;
			buildActionMask = 2147483647;
			files = (
				9ABB9DE31B8B994600EF0B1E /* MaterialKit.framework in Frameworks */,
			);
			runOnlyForDeploymentPostprocessing = 0;
		};
/* End PBXFrameworksBuildPhase section */

/* Begin PBXGroup section */
		9A60D8661B83F1DB00DB1A49 = {
			isa = PBXGroup;
			children = (
				9ABB9DE21B8B994600EF0B1E /* MaterialKit.framework */,
				9A60D8711B83F1DB00DB1A49 /* MaterialKit */,
				9A60D8701B83F1DB00DB1A49 /* Products */,
			);
			sourceTree = "<group>";
		};
		9A60D8701B83F1DB00DB1A49 /* Products */ = {
			isa = PBXGroup;
			children = (
				9A60D86F1B83F1DB00DB1A49 /* MaterialKitApp.app */,
			);
			name = Products;
			sourceTree = "<group>";
		};
		9A60D8711B83F1DB00DB1A49 /* MaterialKit */ = {
			isa = PBXGroup;
			children = (
				9A60D8741B83F1DB00DB1A49 /* AppDelegate.swift */,
				9AF51C461B84F62D00F416EA /* Views */,
				9AF51C441B84F61A00F416EA /* Controllers */,
				9AF51C431B84F60E00F416EA /* Extensions */,
				9A60D8721B83F1DB00DB1A49 /* Supporting Files */,
				9A60D87B1B83F1DB00DB1A49 /* Images.xcassets */,
			);
			path = MaterialKit;
			sourceTree = "<group>";
		};
		9A60D8721B83F1DB00DB1A49 /* Supporting Files */ = {
			isa = PBXGroup;
			children = (
				9A94D1051B89611200F586A5 /* Roboto-Regular.ttf */,
				9A94D1031B89610600F586A5 /* Roboto-Light.ttf */,
				9A94D1011B8960F300F586A5 /* Roboto-Medium.ttf */,
				9A60D8731B83F1DB00DB1A49 /* Info.plist */,
			);
			name = "Supporting Files";
			sourceTree = "<group>";
		};
		9AF51C431B84F60E00F416EA /* Extensions */ = {
			isa = PBXGroup;
			children = (
				9AF51C491B85270200F416EA /* UIView.swift */,
				9A5E40DD1B891FFD00AFE761 /* UIFont.swift */,
			);
			name = Extensions;
			sourceTree = "<group>";
		};
		9AF51C441B84F61A00F416EA /* Controllers */ = {
			isa = PBXGroup;
			children = (
				9A60D8761B83F1DB00DB1A49 /* CardsViewController.swift */,
				9ABB9DE51B8B9CD400EF0B1E /* MenuController.swift */,
			);
			name = Controllers;
			sourceTree = "<group>";
		};
		9AF51C461B84F62D00F416EA /* Views */ = {
			isa = PBXGroup;
			children = (
				9A60D87D1B83F1DB00DB1A49 /* LaunchScreen.xib */,
			);
			name = Views;
			sourceTree = "<group>";
		};
/* End PBXGroup section */

/* Begin PBXNativeTarget section */
		9A60D86E1B83F1DB00DB1A49 /* MaterialKitApp */ = {
			isa = PBXNativeTarget;
			buildConfigurationList = 9A60D88E1B83F1DB00DB1A49 /* Build configuration list for PBXNativeTarget "MaterialKitApp" */;
			buildPhases = (
				9A60D86B1B83F1DB00DB1A49 /* Sources */,
				9A60D86C1B83F1DB00DB1A49 /* Frameworks */,
				9A60D86D1B83F1DB00DB1A49 /* Resources */,
				9AAC38511B8953AB00FE6B2D /* Embed Frameworks */,
			);
			buildRules = (
			);
			dependencies = (
			);
			name = MaterialKitApp;
			productName = MaterialKit;
			productReference = 9A60D86F1B83F1DB00DB1A49 /* MaterialKitApp.app */;
			productType = "com.apple.product-type.application";
		};
/* End PBXNativeTarget section */

/* Begin PBXProject section */
		9A60D8671B83F1DB00DB1A49 /* Project object */ = {
			isa = PBXProject;
			attributes = {
				LastUpgradeCheck = 0640;
				ORGANIZATIONNAME = "Adam Dahan";
				TargetAttributes = {
					9A60D86E1B83F1DB00DB1A49 = {
						CreatedOnToolsVersion = 6.4;
					};
				};
			};
			buildConfigurationList = 9A60D86A1B83F1DB00DB1A49 /* Build configuration list for PBXProject "MaterialKitApp" */;
			compatibilityVersion = "Xcode 3.2";
			developmentRegion = English;
			hasScannedForEncodings = 0;
			knownRegions = (
				en,
				Base,
			);
			mainGroup = 9A60D8661B83F1DB00DB1A49;
			productRefGroup = 9A60D8701B83F1DB00DB1A49 /* Products */;
			projectDirPath = "";
			projectRoot = "";
			targets = (
				9A60D86E1B83F1DB00DB1A49 /* MaterialKitApp */,
			);
		};
/* End PBXProject section */

/* Begin PBXResourcesBuildPhase section */
		9A60D86D1B83F1DB00DB1A49 /* Resources */ = {
			isa = PBXResourcesBuildPhase;
			buildActionMask = 2147483647;
			files = (
				9A94D1061B89611200F586A5 /* Roboto-Regular.ttf in Resources */,
				9A94D1021B8960F300F586A5 /* Roboto-Medium.ttf in Resources */,
				9A94D1041B89610600F586A5 /* Roboto-Light.ttf in Resources */,
				9A60D87F1B83F1DB00DB1A49 /* LaunchScreen.xib in Resources */,
				9A60D87C1B83F1DB00DB1A49 /* Images.xcassets in Resources */,
			);
			runOnlyForDeploymentPostprocessing = 0;
		};
/* End PBXResourcesBuildPhase section */

/* Begin PBXSourcesBuildPhase section */
		9A60D86B1B83F1DB00DB1A49 /* Sources */ = {
			isa = PBXSourcesBuildPhase;
			buildActionMask = 2147483647;
			files = (
				9ABB9DE61B8B9CD400EF0B1E /* MenuController.swift in Sources */,
				9AF51C4A1B85270200F416EA /* UIView.swift in Sources */,
				9A60D8771B83F1DB00DB1A49 /* CardsViewController.swift in Sources */,
				9A60D8751B83F1DB00DB1A49 /* AppDelegate.swift in Sources */,
				9A5E40DE1B891FFD00AFE761 /* UIFont.swift in Sources */,
			);
			runOnlyForDeploymentPostprocessing = 0;
		};
/* End PBXSourcesBuildPhase section */

/* Begin PBXVariantGroup section */
		9A60D87D1B83F1DB00DB1A49 /* LaunchScreen.xib */ = {
			isa = PBXVariantGroup;
			children = (
				9A60D87E1B83F1DB00DB1A49 /* Base */,
			);
			name = LaunchScreen.xib;
			sourceTree = "<group>";
		};
/* End PBXVariantGroup section */

/* Begin XCBuildConfiguration section */
		9A60D88C1B83F1DB00DB1A49 /* Debug */ = {
			isa = XCBuildConfiguration;
			buildSettings = {
				ALWAYS_SEARCH_USER_PATHS = NO;
				CLANG_CXX_LANGUAGE_STANDARD = "gnu++0x";
				CLANG_CXX_LIBRARY = "libc++";
				CLANG_ENABLE_MODULES = YES;
				CLANG_ENABLE_OBJC_ARC = YES;
				CLANG_WARN_BOOL_CONVERSION = YES;
				CLANG_WARN_CONSTANT_CONVERSION = YES;
				CLANG_WARN_DIRECT_OBJC_ISA_USAGE = YES_ERROR;
				CLANG_WARN_EMPTY_BODY = YES;
				CLANG_WARN_ENUM_CONVERSION = YES;
				CLANG_WARN_INT_CONVERSION = YES;
				CLANG_WARN_OBJC_ROOT_CLASS = YES_ERROR;
				CLANG_WARN_UNREACHABLE_CODE = YES;
				CLANG_WARN__DUPLICATE_METHOD_MATCH = YES;
				"CODE_SIGN_IDENTITY[sdk=iphoneos*]" = "iPhone Developer";
				COPY_PHASE_STRIP = NO;
				DEBUG_INFORMATION_FORMAT = "dwarf-with-dsym";
				ENABLE_STRICT_OBJC_MSGSEND = YES;
				GCC_C_LANGUAGE_STANDARD = gnu99;
				GCC_DYNAMIC_NO_PIC = NO;
				GCC_NO_COMMON_BLOCKS = YES;
				GCC_OPTIMIZATION_LEVEL = 0;
				GCC_PREPROCESSOR_DEFINITIONS = (
					"DEBUG=1",
					"$(inherited)",
				);
				GCC_SYMBOLS_PRIVATE_EXTERN = NO;
				GCC_WARN_64_TO_32_BIT_CONVERSION = YES;
				GCC_WARN_ABOUT_RETURN_TYPE = YES_ERROR;
				GCC_WARN_UNDECLARED_SELECTOR = YES;
				GCC_WARN_UNINITIALIZED_AUTOS = YES_AGGRESSIVE;
				GCC_WARN_UNUSED_FUNCTION = YES;
				GCC_WARN_UNUSED_VARIABLE = YES;
				IPHONEOS_DEPLOYMENT_TARGET = 8.0;
				MTL_ENABLE_DEBUG_INFO = YES;
				ONLY_ACTIVE_ARCH = YES;
				SDKROOT = iphoneos;
				SWIFT_OPTIMIZATION_LEVEL = "-Onone";
			};
			name = Debug;
		};
		9A60D88D1B83F1DB00DB1A49 /* Release */ = {
			isa = XCBuildConfiguration;
			buildSettings = {
				ALWAYS_SEARCH_USER_PATHS = NO;
				CLANG_CXX_LANGUAGE_STANDARD = "gnu++0x";
				CLANG_CXX_LIBRARY = "libc++";
				CLANG_ENABLE_MODULES = YES;
				CLANG_ENABLE_OBJC_ARC = YES;
				CLANG_WARN_BOOL_CONVERSION = YES;
				CLANG_WARN_CONSTANT_CONVERSION = YES;
				CLANG_WARN_DIRECT_OBJC_ISA_USAGE = YES_ERROR;
				CLANG_WARN_EMPTY_BODY = YES;
				CLANG_WARN_ENUM_CONVERSION = YES;
				CLANG_WARN_INT_CONVERSION = YES;
				CLANG_WARN_OBJC_ROOT_CLASS = YES_ERROR;
				CLANG_WARN_UNREACHABLE_CODE = YES;
				CLANG_WARN__DUPLICATE_METHOD_MATCH = YES;
				"CODE_SIGN_IDENTITY[sdk=iphoneos*]" = "iPhone Developer";
				COPY_PHASE_STRIP = NO;
				DEBUG_INFORMATION_FORMAT = "dwarf-with-dsym";
				ENABLE_NS_ASSERTIONS = NO;
				ENABLE_STRICT_OBJC_MSGSEND = YES;
				GCC_C_LANGUAGE_STANDARD = gnu99;
				GCC_NO_COMMON_BLOCKS = YES;
				GCC_WARN_64_TO_32_BIT_CONVERSION = YES;
				GCC_WARN_ABOUT_RETURN_TYPE = YES_ERROR;
				GCC_WARN_UNDECLARED_SELECTOR = YES;
				GCC_WARN_UNINITIALIZED_AUTOS = YES_AGGRESSIVE;
				GCC_WARN_UNUSED_FUNCTION = YES;
				GCC_WARN_UNUSED_VARIABLE = YES;
				IPHONEOS_DEPLOYMENT_TARGET = 8.0;
				MTL_ENABLE_DEBUG_INFO = NO;
				SDKROOT = iphoneos;
				VALIDATE_PRODUCT = YES;
			};
			name = Release;
		};
		9A60D88F1B83F1DB00DB1A49 /* Debug */ = {
			isa = XCBuildConfiguration;
			buildSettings = {
				ASSETCATALOG_COMPILER_APPICON_NAME = AppIcon;
				FRAMEWORK_SEARCH_PATHS = (
					"$(inherited)",
					"$(USER_LIBRARY_DIR)/Developer/Xcode/DerivedData/MK-apowvmcawatuvtcksljcxkdiwpng/Build/Products/Debug-iphoneos",
				);
				INFOPLIST_FILE = MaterialKit/Info.plist;
				LD_RUNPATH_SEARCH_PATHS = "$(inherited) @executable_path/Frameworks";
				ONLY_ACTIVE_ARCH = YES;
				PRODUCT_NAME = MaterialKitApp;
			};
			name = Debug;
		};
		9A60D8901B83F1DB00DB1A49 /* Release */ = {
			isa = XCBuildConfiguration;
			buildSettings = {
				ASSETCATALOG_COMPILER_APPICON_NAME = AppIcon;
				FRAMEWORK_SEARCH_PATHS = (
					"$(inherited)",
					"$(USER_LIBRARY_DIR)/Developer/Xcode/DerivedData/MK-apowvmcawatuvtcksljcxkdiwpng/Build/Products/Debug-iphoneos",
				);
				INFOPLIST_FILE = MaterialKit/Info.plist;
				LD_RUNPATH_SEARCH_PATHS = "$(inherited) @executable_path/Frameworks";
				ONLY_ACTIVE_ARCH = NO;
				PRODUCT_NAME = MaterialKitApp;
			};
			name = Release;
		};
/* End XCBuildConfiguration section */

/* Begin XCConfigurationList section */
		9A60D86A1B83F1DB00DB1A49 /* Build configuration list for PBXProject "MaterialKitApp" */ = {
			isa = XCConfigurationList;
			buildConfigurations = (
				9A60D88C1B83F1DB00DB1A49 /* Debug */,
				9A60D88D1B83F1DB00DB1A49 /* Release */,
			);
			defaultConfigurationIsVisible = 0;
			defaultConfigurationName = Release;
		};
		9A60D88E1B83F1DB00DB1A49 /* Build configuration list for PBXNativeTarget "MaterialKitApp" */ = {
			isa = XCConfigurationList;
			buildConfigurations = (
				9A60D88F1B83F1DB00DB1A49 /* Debug */,
				9A60D8901B83F1DB00DB1A49 /* Release */,
			);
			defaultConfigurationIsVisible = 0;
			defaultConfigurationName = Release;
		};
/* End XCConfigurationList section */
	};
	rootObject = 9A60D8671B83F1DB00DB1A49 /* Project object */;
}
